# This file is generated by running "yarn install" inside your project.
# Manual changes might be lost - proceed with caution!

__metadata:
  version: 8
  cacheKey: 10c0

"@alloc/quick-lru@npm:^5.2.0":
  version: 5.2.0
  resolution: "@alloc/quick-lru@npm:5.2.0"
  checksum: 10c0/7b878c48b9d25277d0e1a9b8b2f2312a314af806b4129dc902f2bc29ab09b58236e53964689feec187b28c80d2203aff03829754773a707a8a5987f1b7682d92
  languageName: node
  linkType: hard

"@ampproject/remapping@npm:^2.3.0":
  version: 2.3.0
  resolution: "@ampproject/remapping@npm:2.3.0"
  dependencies:
    "@jridgewell/gen-mapping": "npm:^0.3.5"
    "@jridgewell/trace-mapping": "npm:^0.3.24"
  checksum: 10c0/81d63cca5443e0f0c72ae18b544cc28c7c0ec2cea46e7cb888bb0e0f411a1191d0d6b7af798d54e30777d8d1488b2ec0732aac2be342d3d7d3ffd271c6f489ed
  languageName: node
  linkType: hard

"@biomejs/biome@npm:^1.9.4":
  version: 1.9.4
  resolution: "@biomejs/biome@npm:1.9.4"
  dependencies:
    "@biomejs/cli-darwin-arm64": "npm:1.9.4"
    "@biomejs/cli-darwin-x64": "npm:1.9.4"
    "@biomejs/cli-linux-arm64": "npm:1.9.4"
    "@biomejs/cli-linux-arm64-musl": "npm:1.9.4"
    "@biomejs/cli-linux-x64": "npm:1.9.4"
    "@biomejs/cli-linux-x64-musl": "npm:1.9.4"
    "@biomejs/cli-win32-arm64": "npm:1.9.4"
    "@biomejs/cli-win32-x64": "npm:1.9.4"
  dependenciesMeta:
    "@biomejs/cli-darwin-arm64":
      optional: true
    "@biomejs/cli-darwin-x64":
      optional: true
    "@biomejs/cli-linux-arm64":
      optional: true
    "@biomejs/cli-linux-arm64-musl":
      optional: true
    "@biomejs/cli-linux-x64":
      optional: true
    "@biomejs/cli-linux-x64-musl":
      optional: true
    "@biomejs/cli-win32-arm64":
      optional: true
    "@biomejs/cli-win32-x64":
      optional: true
  bin:
    biome: bin/biome
  checksum: 10c0/b5655c5aed9a6fffe24f7d04f15ba4444389d0e891c9ed9106fab7388ac9b4be63185852cc2a937b22940dac3e550b71032a4afd306925cfea436c33e5646b3e
  languageName: node
  linkType: hard

"@biomejs/cli-darwin-arm64@npm:1.9.4":
  version: 1.9.4
  resolution: "@biomejs/cli-darwin-arm64@npm:1.9.4"
  conditions: os=darwin & cpu=arm64
  languageName: node
  linkType: hard

"@biomejs/cli-darwin-x64@npm:1.9.4":
  version: 1.9.4
  resolution: "@biomejs/cli-darwin-x64@npm:1.9.4"
  conditions: os=darwin & cpu=x64
  languageName: node
  linkType: hard

"@biomejs/cli-linux-arm64-musl@npm:1.9.4":
  version: 1.9.4
  resolution: "@biomejs/cli-linux-arm64-musl@npm:1.9.4"
  conditions: os=linux & cpu=arm64 & libc=musl
  languageName: node
  linkType: hard

"@biomejs/cli-linux-arm64@npm:1.9.4":
  version: 1.9.4
  resolution: "@biomejs/cli-linux-arm64@npm:1.9.4"
  conditions: os=linux & cpu=arm64 & libc=glibc
  languageName: node
  linkType: hard

"@biomejs/cli-linux-x64-musl@npm:1.9.4":
  version: 1.9.4
  resolution: "@biomejs/cli-linux-x64-musl@npm:1.9.4"
  conditions: os=linux & cpu=x64 & libc=musl
  languageName: node
  linkType: hard

"@biomejs/cli-linux-x64@npm:1.9.4":
  version: 1.9.4
  resolution: "@biomejs/cli-linux-x64@npm:1.9.4"
  conditions: os=linux & cpu=x64 & libc=glibc
  languageName: node
  linkType: hard

"@biomejs/cli-win32-arm64@npm:1.9.4":
  version: 1.9.4
  resolution: "@biomejs/cli-win32-arm64@npm:1.9.4"
  conditions: os=win32 & cpu=arm64
  languageName: node
  linkType: hard

"@biomejs/cli-win32-x64@npm:1.9.4":
  version: 1.9.4
  resolution: "@biomejs/cli-win32-x64@npm:1.9.4"
  conditions: os=win32 & cpu=x64
  languageName: node
  linkType: hard

"@emnapi/core@npm:^1.4.3":
  version: 1.4.3
  resolution: "@emnapi/core@npm:1.4.3"
  dependencies:
    "@emnapi/wasi-threads": "npm:1.0.2"
    tslib: "npm:^2.4.0"
  checksum: 10c0/e30101d16d37ef3283538a35cad60e22095aff2403fb9226a35330b932eb6740b81364d525537a94eb4fb51355e48ae9b10d779c0dd1cdcd55d71461fe4b45c7
  languageName: node
  linkType: hard

"@emnapi/runtime@npm:^1.4.3":
  version: 1.4.3
  resolution: "@emnapi/runtime@npm:1.4.3"
  dependencies:
    tslib: "npm:^2.4.0"
  checksum: 10c0/3b7ab72d21cb4e034f07df80165265f85f445ef3f581d1bc87b67e5239428baa00200b68a7d5e37a0425c3a78320b541b07f76c5530f6f6f95336a6294ebf30b
  languageName: node
  linkType: hard

"@emnapi/wasi-threads@npm:1.0.2, @emnapi/wasi-threads@npm:^1.0.2":
  version: 1.0.2
  resolution: "@emnapi/wasi-threads@npm:1.0.2"
  dependencies:
    tslib: "npm:^2.4.0"
  checksum: 10c0/f0621b1fc715221bd2d8332c0ca922617bcd77cdb3050eae50a124eb8923c54fa425d23982dc8f29d505c8798a62d1049bace8b0686098ff9dd82270e06d772e
  languageName: node
  linkType: hard

"@isaacs/fs-minipass@npm:^4.0.0":
  version: 4.0.1
  resolution: "@isaacs/fs-minipass@npm:4.0.1"
  dependencies:
    minipass: "npm:^7.0.4"
  checksum: 10c0/c25b6dc1598790d5b55c0947a9b7d111cfa92594db5296c3b907e2f533c033666f692a3939eadac17b1c7c40d362d0b0635dc874cbfe3e70db7c2b07cc97a5d2
  languageName: node
  linkType: hard

"@jridgewell/gen-mapping@npm:^0.3.5":
  version: 0.3.8
  resolution: "@jridgewell/gen-mapping@npm:0.3.8"
  dependencies:
    "@jridgewell/set-array": "npm:^1.2.1"
    "@jridgewell/sourcemap-codec": "npm:^1.4.10"
    "@jridgewell/trace-mapping": "npm:^0.3.24"
  checksum: 10c0/c668feaf86c501d7c804904a61c23c67447b2137b813b9ce03eca82cb9d65ac7006d766c218685d76e3d72828279b6ee26c347aa1119dab23fbaf36aed51585a
  languageName: node
  linkType: hard

"@jridgewell/resolve-uri@npm:^3.1.0":
  version: 3.1.2
  resolution: "@jridgewell/resolve-uri@npm:3.1.2"
  checksum: 10c0/d502e6fb516b35032331406d4e962c21fe77cdf1cbdb49c6142bcbd9e30507094b18972778a6e27cbad756209cfe34b1a27729e6fa08a2eb92b33943f680cf1e
  languageName: node
  linkType: hard

"@jridgewell/set-array@npm:^1.2.1":
  version: 1.2.1
  resolution: "@jridgewell/set-array@npm:1.2.1"
  checksum: 10c0/2a5aa7b4b5c3464c895c802d8ae3f3d2b92fcbe84ad12f8d0bfbb1f5ad006717e7577ee1fd2eac00c088abe486c7adb27976f45d2941ff6b0b92b2c3302c60f4
  languageName: node
  linkType: hard

"@jridgewell/sourcemap-codec@npm:^1.4.10, @jridgewell/sourcemap-codec@npm:^1.4.14, @jridgewell/sourcemap-codec@npm:^1.5.0":
  version: 1.5.0
  resolution: "@jridgewell/sourcemap-codec@npm:1.5.0"
  checksum: 10c0/2eb864f276eb1096c3c11da3e9bb518f6d9fc0023c78344cdc037abadc725172c70314bdb360f2d4b7bffec7f5d657ce006816bc5d4ecb35e61b66132db00c18
  languageName: node
  linkType: hard

"@jridgewell/trace-mapping@npm:^0.3.24":
  version: 0.3.25
  resolution: "@jridgewell/trace-mapping@npm:0.3.25"
  dependencies:
    "@jridgewell/resolve-uri": "npm:^3.1.0"
    "@jridgewell/sourcemap-codec": "npm:^1.4.14"
  checksum: 10c0/3d1ce6ebc69df9682a5a8896b414c6537e428a1d68b02fcc8363b04284a8ca0df04d0ee3013132252ab14f2527bc13bea6526a912ecb5658f0e39fd2860b4df4
  languageName: node
  linkType: hard

"@module-federation/error-codes@npm:0.13.1":
  version: 0.13.1
  resolution: "@module-federation/error-codes@npm:0.13.1"
  checksum: 10c0/335b3df2412be7e71a8d1bb97e88904ebfa52d2dbc65f4dee244d50fa7e2a9b7398be1c7c6932e6f0821958cc9aa3409c43401f2c213a47bbeba46f600faeacd
  languageName: node
  linkType: hard

"@module-federation/runtime-core@npm:0.13.1":
  version: 0.13.1
  resolution: "@module-federation/runtime-core@npm:0.13.1"
  dependencies:
    "@module-federation/error-codes": "npm:0.13.1"
    "@module-federation/sdk": "npm:0.13.1"
  checksum: 10c0/bb23849c9f688ab3eadb07b48f194fbf745a947744dec2589d4307efaa2cb6a49b393b20a03537b174fe573ef1981fbba964723d174974a8cf584a4303015f4b
  languageName: node
  linkType: hard

"@module-federation/runtime-tools@npm:0.13.1":
  version: 0.13.1
  resolution: "@module-federation/runtime-tools@npm:0.13.1"
  dependencies:
    "@module-federation/runtime": "npm:0.13.1"
    "@module-federation/webpack-bundler-runtime": "npm:0.13.1"
  checksum: 10c0/5390d1b6bae2cc926db184cb8243c2204f469c7bb3ad697dfc8258b0ecb77311291cfdd7a54cafc36f11559da2c2c6fdfdfd1ef1919afd236c973641c2d53b0a
  languageName: node
  linkType: hard

"@module-federation/runtime@npm:0.13.1":
  version: 0.13.1
  resolution: "@module-federation/runtime@npm:0.13.1"
  dependencies:
    "@module-federation/error-codes": "npm:0.13.1"
    "@module-federation/runtime-core": "npm:0.13.1"
    "@module-federation/sdk": "npm:0.13.1"
  checksum: 10c0/6daf50f5f426b4f6addbf2ed7285b25dc8f7d74c43d94c67bb51fe989437b663b2f08e6289bc2698b07409081207d7b19328b98b347b947ecb4a8439a1350202
  languageName: node
  linkType: hard

"@module-federation/sdk@npm:0.13.1":
  version: 0.13.1
  resolution: "@module-federation/sdk@npm:0.13.1"
  checksum: 10c0/575810856499dbe058dd350ed739f41b7c93593f673b431c2f524ba1aaf000d4b5b8b3fda95d249b733daf335fb75a7cc0f0fce7e40997ff8625f0d2cb4ca2b6
  languageName: node
  linkType: hard

"@module-federation/webpack-bundler-runtime@npm:0.13.1":
  version: 0.13.1
  resolution: "@module-federation/webpack-bundler-runtime@npm:0.13.1"
  dependencies:
    "@module-federation/runtime": "npm:0.13.1"
    "@module-federation/sdk": "npm:0.13.1"
  checksum: 10c0/84f2840390b7aa3034e239136bfce920ab3b09436f5a72e912bd4709141a452b2d21c5f9378c765513870eb0b98452ba88b07fd8c80fa07c3adfc2f99d0628a5
  languageName: node
  linkType: hard

"@napi-rs/wasm-runtime@npm:^0.2.9":
  version: 0.2.10
  resolution: "@napi-rs/wasm-runtime@npm:0.2.10"
  dependencies:
    "@emnapi/core": "npm:^1.4.3"
    "@emnapi/runtime": "npm:^1.4.3"
    "@tybys/wasm-util": "npm:^0.9.0"
  checksum: 10c0/4dce9bbb94a8969805574e1b55fdbeb7623348190265d77f6507ba32e535610deeb53a33ba0bb8b05a6520f379d418b92e8a01c5cd7b9486b136d2c0c26be0bd
  languageName: node
  linkType: hard

"@rsbuild/core@npm:^1.3.21":
  version: 1.3.21
  resolution: "@rsbuild/core@npm:1.3.21"
  dependencies:
    "@rspack/core": "npm:1.3.11"
    "@rspack/lite-tapable": "npm:~1.0.1"
    "@swc/helpers": "npm:^0.5.17"
    core-js: "npm:~3.42.0"
    jiti: "npm:^2.4.2"
  bin:
    rsbuild: bin/rsbuild.js
  checksum: 10c0/e2216dc4b84f8caacb7913552f019a3a858d8133f6f9ded1aa26e40380e4842d14196eca5a73183352bbd1f4d2bc90b8b1ad64b498c9e28f6fef352dba85081b
  languageName: node
  linkType: hard

"@rsbuild/plugin-react@npm:^1.3.1":
  version: 1.3.1
  resolution: "@rsbuild/plugin-react@npm:1.3.1"
  dependencies:
    "@rspack/plugin-react-refresh": "npm:~1.4.2"
    react-refresh: "npm:^0.17.0"
  peerDependencies:
    "@rsbuild/core": 1.x
  checksum: 10c0/088b4e3d1f2eb3b3daeba0cf1de5389910ac55108c98c1138ec0d2b54598fd471414c07d8832239a619227ecdfbb1c025c52a943d4cfa49ff2f73140e0c6e3be
  languageName: node
  linkType: hard

"@rspack/binding-darwin-arm64@npm:1.3.11":
  version: 1.3.11
  resolution: "@rspack/binding-darwin-arm64@npm:1.3.11"
  conditions: os=darwin & cpu=arm64
  languageName: node
  linkType: hard

"@rspack/binding-darwin-x64@npm:1.3.11":
  version: 1.3.11
  resolution: "@rspack/binding-darwin-x64@npm:1.3.11"
  conditions: os=darwin & cpu=x64
  languageName: node
  linkType: hard

"@rspack/binding-linux-arm64-gnu@npm:1.3.11":
  version: 1.3.11
  resolution: "@rspack/binding-linux-arm64-gnu@npm:1.3.11"
  conditions: os=linux & cpu=arm64 & libc=glibc
  languageName: node
  linkType: hard

"@rspack/binding-linux-arm64-musl@npm:1.3.11":
  version: 1.3.11
  resolution: "@rspack/binding-linux-arm64-musl@npm:1.3.11"
  conditions: os=linux & cpu=arm64 & libc=musl
  languageName: node
  linkType: hard

"@rspack/binding-linux-x64-gnu@npm:1.3.11":
  version: 1.3.11
  resolution: "@rspack/binding-linux-x64-gnu@npm:1.3.11"
  conditions: os=linux & cpu=x64 & libc=glibc
  languageName: node
  linkType: hard

"@rspack/binding-linux-x64-musl@npm:1.3.11":
  version: 1.3.11
  resolution: "@rspack/binding-linux-x64-musl@npm:1.3.11"
  conditions: os=linux & cpu=x64 & libc=musl
  languageName: node
  linkType: hard

"@rspack/binding-win32-arm64-msvc@npm:1.3.11":
  version: 1.3.11
  resolution: "@rspack/binding-win32-arm64-msvc@npm:1.3.11"
  conditions: os=win32 & cpu=arm64
  languageName: node
  linkType: hard

"@rspack/binding-win32-ia32-msvc@npm:1.3.11":
  version: 1.3.11
  resolution: "@rspack/binding-win32-ia32-msvc@npm:1.3.11"
  conditions: os=win32 & cpu=ia32
  languageName: node
  linkType: hard

"@rspack/binding-win32-x64-msvc@npm:1.3.11":
  version: 1.3.11
  resolution: "@rspack/binding-win32-x64-msvc@npm:1.3.11"
  conditions: os=win32 & cpu=x64
  languageName: node
  linkType: hard

"@rspack/binding@npm:1.3.11":
  version: 1.3.11
  resolution: "@rspack/binding@npm:1.3.11"
  dependencies:
    "@rspack/binding-darwin-arm64": "npm:1.3.11"
    "@rspack/binding-darwin-x64": "npm:1.3.11"
    "@rspack/binding-linux-arm64-gnu": "npm:1.3.11"
    "@rspack/binding-linux-arm64-musl": "npm:1.3.11"
    "@rspack/binding-linux-x64-gnu": "npm:1.3.11"
    "@rspack/binding-linux-x64-musl": "npm:1.3.11"
    "@rspack/binding-win32-arm64-msvc": "npm:1.3.11"
    "@rspack/binding-win32-ia32-msvc": "npm:1.3.11"
    "@rspack/binding-win32-x64-msvc": "npm:1.3.11"
  dependenciesMeta:
    "@rspack/binding-darwin-arm64":
      optional: true
    "@rspack/binding-darwin-x64":
      optional: true
    "@rspack/binding-linux-arm64-gnu":
      optional: true
    "@rspack/binding-linux-arm64-musl":
      optional: true
    "@rspack/binding-linux-x64-gnu":
      optional: true
    "@rspack/binding-linux-x64-musl":
      optional: true
    "@rspack/binding-win32-arm64-msvc":
      optional: true
    "@rspack/binding-win32-ia32-msvc":
      optional: true
    "@rspack/binding-win32-x64-msvc":
      optional: true
  checksum: 10c0/4e3164088ed3888e3f9e5cc7608e5ed8312cdd6536e40f86ab0e79820471f4d6120d9706001ae3450ce5d438553a564da2ca5ea176d4e9fe64481436cba32817
  languageName: node
  linkType: hard

"@rspack/core@npm:1.3.11":
  version: 1.3.11
  resolution: "@rspack/core@npm:1.3.11"
  dependencies:
    "@module-federation/runtime-tools": "npm:0.13.1"
    "@rspack/binding": "npm:1.3.11"
    "@rspack/lite-tapable": "npm:1.0.1"
    caniuse-lite: "npm:^1.0.30001718"
  peerDependencies:
    "@swc/helpers": ">=0.5.1"
  peerDependenciesMeta:
    "@swc/helpers":
      optional: true
  checksum: 10c0/349eb2074e1addb4b23054e2f69e99fc3d8530592c443eccbc757a4ea47be451404eb061a4139c9ec450e3f32be39f4e4f77eed516e2032afe30428731118c84
  languageName: node
  linkType: hard

"@rspack/lite-tapable@npm:1.0.1, @rspack/lite-tapable@npm:~1.0.1":
  version: 1.0.1
  resolution: "@rspack/lite-tapable@npm:1.0.1"
  checksum: 10c0/90bb1bc414dc51ea2d0933e09f78d25584f3f50a85f4cb8228930bd29e5931bf55eff4f348a06c51dd3149fc73b8ae3920bf0ae5ae8a0c9fe1d9b404e6ecf5b7
  languageName: node
  linkType: hard

"@rspack/plugin-react-refresh@npm:~1.4.2":
  version: 1.4.3
  resolution: "@rspack/plugin-react-refresh@npm:1.4.3"
  dependencies:
    error-stack-parser: "npm:^2.1.4"
    html-entities: "npm:^2.6.0"
  peerDependencies:
    react-refresh: ">=0.10.0 <1.0.0"
    webpack-hot-middleware: 2.x
  peerDependenciesMeta:
    webpack-hot-middleware:
      optional: true
  checksum: 10c0/83547920b61ac1cdad10545b60f6eee01adf7a935d46f962bc79e37ca4063256bb72137361ce63023b282b05b6c686790e5bf175c5bf8f0138d5a303d7c099ea
  languageName: node
  linkType: hard

"@swc/helpers@npm:^0.5.17":
  version: 0.5.17
  resolution: "@swc/helpers@npm:0.5.17"
  dependencies:
    tslib: "npm:^2.8.0"
  checksum: 10c0/fe1f33ebb968558c5a0c595e54f2e479e4609bff844f9ca9a2d1ffd8dd8504c26f862a11b031f48f75c95b0381c2966c3dd156e25942f90089badd24341e7dbb
  languageName: node
  linkType: hard

"@tailwindcss/node@npm:4.1.7":
  version: 4.1.7
  resolution: "@tailwindcss/node@npm:4.1.7"
  dependencies:
    "@ampproject/remapping": "npm:^2.3.0"
    enhanced-resolve: "npm:^5.18.1"
    jiti: "npm:^2.4.2"
    lightningcss: "npm:1.30.1"
    magic-string: "npm:^0.30.17"
    source-map-js: "npm:^1.2.1"
    tailwindcss: "npm:4.1.7"
  checksum: 10c0/8b646fde531609e8c8dc4745d1db5375fa23f52f28436f09192cce18cdc423075cd4e2477c1bf96b905de5bb22ac915dad9c4e340d9995e4ad2025a1f5835549
  languageName: node
  linkType: hard

"@tailwindcss/oxide-android-arm64@npm:4.1.7":
  version: 4.1.7
  resolution: "@tailwindcss/oxide-android-arm64@npm:4.1.7"
  conditions: os=android & cpu=arm64
  languageName: node
  linkType: hard

"@tailwindcss/oxide-darwin-arm64@npm:4.1.7":
  version: 4.1.7
  resolution: "@tailwindcss/oxide-darwin-arm64@npm:4.1.7"
  conditions: os=darwin & cpu=arm64
  languageName: node
  linkType: hard

"@tailwindcss/oxide-darwin-x64@npm:4.1.7":
  version: 4.1.7
  resolution: "@tailwindcss/oxide-darwin-x64@npm:4.1.7"
  conditions: os=darwin & cpu=x64
  languageName: node
  linkType: hard

"@tailwindcss/oxide-freebsd-x64@npm:4.1.7":
  version: 4.1.7
  resolution: "@tailwindcss/oxide-freebsd-x64@npm:4.1.7"
  conditions: os=freebsd & cpu=x64
  languageName: node
  linkType: hard

"@tailwindcss/oxide-linux-arm-gnueabihf@npm:4.1.7":
  version: 4.1.7
  resolution: "@tailwindcss/oxide-linux-arm-gnueabihf@npm:4.1.7"
  conditions: os=linux & cpu=arm
  languageName: node
  linkType: hard

"@tailwindcss/oxide-linux-arm64-gnu@npm:4.1.7":
  version: 4.1.7
  resolution: "@tailwindcss/oxide-linux-arm64-gnu@npm:4.1.7"
  conditions: os=linux & cpu=arm64 & libc=glibc
  languageName: node
  linkType: hard

"@tailwindcss/oxide-linux-arm64-musl@npm:4.1.7":
  version: 4.1.7
  resolution: "@tailwindcss/oxide-linux-arm64-musl@npm:4.1.7"
  conditions: os=linux & cpu=arm64 & libc=musl
  languageName: node
  linkType: hard

"@tailwindcss/oxide-linux-x64-gnu@npm:4.1.7":
  version: 4.1.7
  resolution: "@tailwindcss/oxide-linux-x64-gnu@npm:4.1.7"
  conditions: os=linux & cpu=x64 & libc=glibc
  languageName: node
  linkType: hard

"@tailwindcss/oxide-linux-x64-musl@npm:4.1.7":
  version: 4.1.7
  resolution: "@tailwindcss/oxide-linux-x64-musl@npm:4.1.7"
  conditions: os=linux & cpu=x64 & libc=musl
  languageName: node
  linkType: hard

"@tailwindcss/oxide-wasm32-wasi@npm:4.1.7":
  version: 4.1.7
  resolution: "@tailwindcss/oxide-wasm32-wasi@npm:4.1.7"
  dependencies:
    "@emnapi/core": "npm:^1.4.3"
    "@emnapi/runtime": "npm:^1.4.3"
    "@emnapi/wasi-threads": "npm:^1.0.2"
    "@napi-rs/wasm-runtime": "npm:^0.2.9"
    "@tybys/wasm-util": "npm:^0.9.0"
    tslib: "npm:^2.8.0"
  conditions: cpu=wasm32
  languageName: node
  linkType: hard

"@tailwindcss/oxide-win32-arm64-msvc@npm:4.1.7":
  version: 4.1.7
  resolution: "@tailwindcss/oxide-win32-arm64-msvc@npm:4.1.7"
  conditions: os=win32 & cpu=arm64
  languageName: node
  linkType: hard

"@tailwindcss/oxide-win32-x64-msvc@npm:4.1.7":
  version: 4.1.7
  resolution: "@tailwindcss/oxide-win32-x64-msvc@npm:4.1.7"
  conditions: os=win32 & cpu=x64
  languageName: node
  linkType: hard

"@tailwindcss/oxide@npm:4.1.7":
  version: 4.1.7
  resolution: "@tailwindcss/oxide@npm:4.1.7"
  dependencies:
    "@tailwindcss/oxide-android-arm64": "npm:4.1.7"
    "@tailwindcss/oxide-darwin-arm64": "npm:4.1.7"
    "@tailwindcss/oxide-darwin-x64": "npm:4.1.7"
    "@tailwindcss/oxide-freebsd-x64": "npm:4.1.7"
    "@tailwindcss/oxide-linux-arm-gnueabihf": "npm:4.1.7"
    "@tailwindcss/oxide-linux-arm64-gnu": "npm:4.1.7"
    "@tailwindcss/oxide-linux-arm64-musl": "npm:4.1.7"
    "@tailwindcss/oxide-linux-x64-gnu": "npm:4.1.7"
    "@tailwindcss/oxide-linux-x64-musl": "npm:4.1.7"
    "@tailwindcss/oxide-wasm32-wasi": "npm:4.1.7"
    "@tailwindcss/oxide-win32-arm64-msvc": "npm:4.1.7"
    "@tailwindcss/oxide-win32-x64-msvc": "npm:4.1.7"
    detect-libc: "npm:^2.0.4"
    tar: "npm:^7.4.3"
  dependenciesMeta:
    "@tailwindcss/oxide-android-arm64":
      optional: true
    "@tailwindcss/oxide-darwin-arm64":
      optional: true
    "@tailwindcss/oxide-darwin-x64":
      optional: true
    "@tailwindcss/oxide-freebsd-x64":
      optional: true
    "@tailwindcss/oxide-linux-arm-gnueabihf":
      optional: true
    "@tailwindcss/oxide-linux-arm64-gnu":
      optional: true
    "@tailwindcss/oxide-linux-arm64-musl":
      optional: true
    "@tailwindcss/oxide-linux-x64-gnu":
      optional: true
    "@tailwindcss/oxide-linux-x64-musl":
      optional: true
    "@tailwindcss/oxide-wasm32-wasi":
      optional: true
    "@tailwindcss/oxide-win32-arm64-msvc":
      optional: true
    "@tailwindcss/oxide-win32-x64-msvc":
      optional: true
  checksum: 10c0/ac8eb42faa1fa34f0a23130c3c369bf4685c78bc6ab8cf2307d0b6c66023909ff411c328a3e4de86fced6dd26be46e783b620e3f614195e8147a779e224922a3
  languageName: node
  linkType: hard

"@tailwindcss/postcss@npm:^4.1.7":
  version: 4.1.7
  resolution: "@tailwindcss/postcss@npm:4.1.7"
  dependencies:
    "@alloc/quick-lru": "npm:^5.2.0"
    "@tailwindcss/node": "npm:4.1.7"
    "@tailwindcss/oxide": "npm:4.1.7"
    postcss: "npm:^8.4.41"
    tailwindcss: "npm:4.1.7"
  checksum: 10c0/3779c34001dfa2741efa037089b9331807e15946e766decc983baef8ba5d4d519a1b86e7f27fffcf1a028bda19e0fdf5a87479a89b9e1cd2d7df5769273777c8
  languageName: node
  linkType: hard

"@tybys/wasm-util@npm:^0.9.0":
  version: 0.9.0
  resolution: "@tybys/wasm-util@npm:0.9.0"
  dependencies:
    tslib: "npm:^2.4.0"
  checksum: 10c0/f9fde5c554455019f33af6c8215f1a1435028803dc2a2825b077d812bed4209a1a64444a4ca0ce2ea7e1175c8d88e2f9173a36a33c199e8a5c671aa31de8242d
  languageName: node
  linkType: hard

"@types/react-dom@npm:^19.1.5":
  version: 19.1.5
  resolution: "@types/react-dom@npm:19.1.5"
  peerDependencies:
    "@types/react": ^19.0.0
  checksum: 10c0/2a29e77cf6bb6e9f57bcfa54509c216cad2e16e244f0bd56369966ec88c072b9c91f6011d14f9e18fbfe2b801b18b86f616de75e5c8aef0be73c1f74abb33b49
  languageName: node
  linkType: hard

"@types/react@npm:^19.1.5":
  version: 19.1.5
  resolution: "@types/react@npm:19.1.5"
  dependencies:
    csstype: "npm:^3.0.2"
  checksum: 10c0/e0811aadc65cf4030e2418c7975b524f126db806bacb85cffdbe5e50c3606e9a5ffe89ffe6bf9c945e03f5e8d5ed992686bc6bb478db1f3127cc50933f648e1e
  languageName: node
  linkType: hard

"autoprefixer@npm:^10.4.21":
  version: 10.4.21
  resolution: "autoprefixer@npm:10.4.21"
  dependencies:
    browserslist: "npm:^4.24.4"
    caniuse-lite: "npm:^1.0.30001702"
    fraction.js: "npm:^4.3.7"
    normalize-range: "npm:^0.1.2"
    picocolors: "npm:^1.1.1"
    postcss-value-parser: "npm:^4.2.0"
  peerDependencies:
    postcss: ^8.1.0
  bin:
    autoprefixer: bin/autoprefixer
  checksum: 10c0/de5b71d26d0baff4bbfb3d59f7cf7114a6030c9eeb66167acf49a32c5b61c68e308f1e0f869d92334436a221035d08b51cd1b2f2c4689b8d955149423c16d4d4
  languageName: node
  linkType: hard

"browserslist@npm:^4.24.4":
  version: 4.24.5
  resolution: "browserslist@npm:4.24.5"
  dependencies:
    caniuse-lite: "npm:^1.0.30001716"
    electron-to-chromium: "npm:^1.5.149"
    node-releases: "npm:^2.0.19"
    update-browserslist-db: "npm:^1.1.3"
  bin:
    browserslist: cli.js
  checksum: 10c0/f4c1ce1a7d8fdfab5e5b88bb6e93d09e8a883c393f86801537a252da0362dbdcde4dbd97b318246c5d84c6607b2f6b47af732c1b000d6a8a881ee024bad29204
  languageName: node
  linkType: hard

"caniuse-lite@npm:^1.0.30001702, caniuse-lite@npm:^1.0.30001716, caniuse-lite@npm:^1.0.30001718":
  version: 1.0.30001718
  resolution: "caniuse-lite@npm:1.0.30001718"
  checksum: 10c0/67f9ad09bc16443e28d14f265d6e468480cd8dc1900d0d8b982222de80c699c4f2306599c3da8a3fa7139f110d4b30d49dbac78f215470f479abb6ffe141d5d3
  languageName: node
  linkType: hard

"chownr@npm:^3.0.0":
  version: 3.0.0
  resolution: "chownr@npm:3.0.0"
  checksum: 10c0/43925b87700f7e3893296c8e9c56cc58f926411cce3a6e5898136daaf08f08b9a8eb76d37d3267e707d0dcc17aed2e2ebdf5848c0c3ce95cf910a919935c1b10
  languageName: node
  linkType: hard

"cookie@npm:^1.0.1":
  version: 1.0.2
  resolution: "cookie@npm:1.0.2"
  checksum: 10c0/fd25fe79e8fbcfcaf6aa61cd081c55d144eeeba755206c058682257cb38c4bd6795c6620de3f064c740695bb65b7949ebb1db7a95e4636efb8357a335ad3f54b
  languageName: node
  linkType: hard

"core-js@npm:~3.42.0":
  version: 3.42.0
  resolution: "core-js@npm:3.42.0"
  checksum: 10c0/2913d3d5452d54ad92f058d66046782d608c05e037bcc523aab79c04454fe640998f94e6011292969d66dfa472f398b085ce843dcb362056532a5799c627184e
  languageName: node
  linkType: hard

"csstype@npm:^3.0.2":
  version: 3.1.3
  resolution: "csstype@npm:3.1.3"
  checksum: 10c0/80c089d6f7e0c5b2bd83cf0539ab41474198579584fa10d86d0cafe0642202343cbc119e076a0b1aece191989477081415d66c9fefbf3c957fc2fc4b7009f248
  languageName: node
  linkType: hard

"daisyui@npm:^5.0.37":
  version: 5.0.37
  resolution: "daisyui@npm:5.0.37"
  checksum: 10c0/6003e110b95178b9ce95da3fd158df55e3cb1219e0502003210d9d12f2651446e7250fb1090250c7eb1aa3bc4d7c63c3653a6bf9eaab4433f85df32d1e2c8b27
  languageName: node
  linkType: hard

"detect-libc@npm:^2.0.3, detect-libc@npm:^2.0.4":
  version: 2.0.4
  resolution: "detect-libc@npm:2.0.4"
  checksum: 10c0/c15541f836eba4b1f521e4eecc28eefefdbc10a94d3b8cb4c507689f332cc111babb95deda66f2de050b22122113189986d5190be97d51b5a2b23b938415e67c
  languageName: node
  linkType: hard

"electron-to-chromium@npm:^1.5.149":
  version: 1.5.155
  resolution: "electron-to-chromium@npm:1.5.155"
  checksum: 10c0/aee32a0b03282e488352370f6a910de37788b814031020a0e244943450e844e8a41f741d6e5ec70d553dfa4382ef80088034ddc400b48f45de95de331b9ec178
  languageName: node
  linkType: hard

"enhanced-resolve@npm:^5.18.1":
  version: 5.18.1
  resolution: "enhanced-resolve@npm:5.18.1"
  dependencies:
    graceful-fs: "npm:^4.2.4"
    tapable: "npm:^2.2.0"
  checksum: 10c0/4cffd9b125225184e2abed9fdf0ed3dbd2224c873b165d0838fd066cde32e0918626cba2f1f4bf6860762f13a7e2364fd89a82b99566be2873d813573ac71846
  languageName: node
  linkType: hard

"error-stack-parser@npm:^2.1.4":
  version: 2.1.4
  resolution: "error-stack-parser@npm:2.1.4"
  dependencies:
    stackframe: "npm:^1.3.4"
  checksum: 10c0/7679b780043c98b01fc546725484e0cfd3071bf5c906bbe358722972f04abf4fc3f0a77988017665bab367f6ef3fc2d0185f7528f45966b83e7c99c02d5509b9
  languageName: node
  linkType: hard

"escalade@npm:^3.2.0":
  version: 3.2.0
  resolution: "escalade@npm:3.2.0"
  checksum: 10c0/ced4dd3a78e15897ed3be74e635110bbf3b08877b0a41be50dcb325ee0e0b5f65fc2d50e9845194d7c4633f327e2e1c6cce00a71b617c5673df0374201d67f65
  languageName: node
  linkType: hard

"fraction.js@npm:^4.3.7":
  version: 4.3.7
  resolution: "fraction.js@npm:4.3.7"
  checksum: 10c0/df291391beea9ab4c263487ffd9d17fed162dbb736982dee1379b2a8cc94e4e24e46ed508c6d278aded9080ba51872f1bc5f3a5fd8d7c74e5f105b508ac28711
  languageName: node
  linkType: hard

"graceful-fs@npm:^4.2.4":
  version: 4.2.11
  resolution: "graceful-fs@npm:4.2.11"
  checksum: 10c0/386d011a553e02bc594ac2ca0bd6d9e4c22d7fa8cfbfc448a6d148c59ea881b092db9dbe3547ae4b88e55f1b01f7c4a2ecc53b310c042793e63aa44cf6c257f2
  languageName: node
  linkType: hard

"html-entities@npm:^2.6.0":
  version: 2.6.0
  resolution: "html-entities@npm:2.6.0"
  checksum: 10c0/7c8b15d9ea0cd00dc9279f61bab002ba6ca8a7a0f3c36ed2db3530a67a9621c017830d1d2c1c65beb9b8e3436ea663e9cf8b230472e0e413359399413b27c8b7
  languageName: node
  linkType: hard

"jiti@npm:^2.4.2":
  version: 2.4.2
  resolution: "jiti@npm:2.4.2"
  bin:
    jiti: lib/jiti-cli.mjs
  checksum: 10c0/4ceac133a08c8faff7eac84aabb917e85e8257f5ad659e843004ce76e981c457c390a220881748ac67ba1b940b9b729b30fb85cbaf6e7989f04b6002c94da331
  languageName: node
  linkType: hard

"lightningcss-darwin-arm64@npm:1.30.1":
  version: 1.30.1
  resolution: "lightningcss-darwin-arm64@npm:1.30.1"
  conditions: os=darwin & cpu=arm64
  languageName: node
  linkType: hard

"lightningcss-darwin-x64@npm:1.30.1":
  version: 1.30.1
  resolution: "lightningcss-darwin-x64@npm:1.30.1"
  conditions: os=darwin & cpu=x64
  languageName: node
  linkType: hard

"lightningcss-freebsd-x64@npm:1.30.1":
  version: 1.30.1
  resolution: "lightningcss-freebsd-x64@npm:1.30.1"
  conditions: os=freebsd & cpu=x64
  languageName: node
  linkType: hard

"lightningcss-linux-arm-gnueabihf@npm:1.30.1":
  version: 1.30.1
  resolution: "lightningcss-linux-arm-gnueabihf@npm:1.30.1"
  conditions: os=linux & cpu=arm
  languageName: node
  linkType: hard

"lightningcss-linux-arm64-gnu@npm:1.30.1":
  version: 1.30.1
  resolution: "lightningcss-linux-arm64-gnu@npm:1.30.1"
  conditions: os=linux & cpu=arm64 & libc=glibc
  languageName: node
  linkType: hard

"lightningcss-linux-arm64-musl@npm:1.30.1":
  version: 1.30.1
  resolution: "lightningcss-linux-arm64-musl@npm:1.30.1"
  conditions: os=linux & cpu=arm64 & libc=musl
  languageName: node
  linkType: hard

"lightningcss-linux-x64-gnu@npm:1.30.1":
  version: 1.30.1
  resolution: "lightningcss-linux-x64-gnu@npm:1.30.1"
  conditions: os=linux & cpu=x64 & libc=glibc
  languageName: node
  linkType: hard

"lightningcss-linux-x64-musl@npm:1.30.1":
  version: 1.30.1
  resolution: "lightningcss-linux-x64-musl@npm:1.30.1"
  conditions: os=linux & cpu=x64 & libc=musl
  languageName: node
  linkType: hard

"lightningcss-win32-arm64-msvc@npm:1.30.1":
  version: 1.30.1
  resolution: "lightningcss-win32-arm64-msvc@npm:1.30.1"
  conditions: os=win32 & cpu=arm64
  languageName: node
  linkType: hard

"lightningcss-win32-x64-msvc@npm:1.30.1":
  version: 1.30.1
  resolution: "lightningcss-win32-x64-msvc@npm:1.30.1"
  conditions: os=win32 & cpu=x64
  languageName: node
  linkType: hard

"lightningcss@npm:1.30.1":
  version: 1.30.1
  resolution: "lightningcss@npm:1.30.1"
  dependencies:
    detect-libc: "npm:^2.0.3"
    lightningcss-darwin-arm64: "npm:1.30.1"
    lightningcss-darwin-x64: "npm:1.30.1"
    lightningcss-freebsd-x64: "npm:1.30.1"
    lightningcss-linux-arm-gnueabihf: "npm:1.30.1"
    lightningcss-linux-arm64-gnu: "npm:1.30.1"
    lightningcss-linux-arm64-musl: "npm:1.30.1"
    lightningcss-linux-x64-gnu: "npm:1.30.1"
    lightningcss-linux-x64-musl: "npm:1.30.1"
    lightningcss-win32-arm64-msvc: "npm:1.30.1"
    lightningcss-win32-x64-msvc: "npm:1.30.1"
  dependenciesMeta:
    lightningcss-darwin-arm64:
      optional: true
    lightningcss-darwin-x64:
      optional: true
    lightningcss-freebsd-x64:
      optional: true
    lightningcss-linux-arm-gnueabihf:
      optional: true
    lightningcss-linux-arm64-gnu:
      optional: true
    lightningcss-linux-arm64-musl:
      optional: true
    lightningcss-linux-x64-gnu:
      optional: true
    lightningcss-linux-x64-musl:
      optional: true
    lightningcss-win32-arm64-msvc:
      optional: true
    lightningcss-win32-x64-msvc:
      optional: true
  checksum: 10c0/1e1ad908f3c68bf39d964a6735435a8dd5474fb2765076732d64a7b6aa2af1f084da65a9462443a9adfebf7dcfb02fb532fce1d78697f2a9de29c8f40f09aee3
  languageName: node
  linkType: hard

"lucide-react@npm:^0.511.0":
  version: 0.511.0
  resolution: "lucide-react@npm:0.511.0"
  peerDependencies:
    react: ^16.5.1 || ^17.0.0 || ^18.0.0 || ^19.0.0
  checksum: 10c0/bf09dd73cf2233abea90506ad31a91739555d761062722acbe045cb73e274f035b196472de0971a8a8f0645b2b54e3f21b8c1980fe87c909ca93171a9c28428a
  languageName: node
  linkType: hard

"magic-string@npm:^0.30.17":
  version: 0.30.17
  resolution: "magic-string@npm:0.30.17"
  dependencies:
    "@jridgewell/sourcemap-codec": "npm:^1.5.0"
  checksum: 10c0/16826e415d04b88378f200fe022b53e638e3838b9e496edda6c0e086d7753a44a6ed187adc72d19f3623810589bf139af1a315541cd6a26ae0771a0193eaf7b8
  languageName: node
  linkType: hard

"minipass@npm:^7.0.4, minipass@npm:^7.1.2":
  version: 7.1.2
  resolution: "minipass@npm:7.1.2"
  checksum: 10c0/b0fd20bb9fb56e5fa9a8bfac539e8915ae07430a619e4b86ff71f5fc757ef3924b23b2c4230393af1eda647ed3d75739e4e0acb250a6b1eb277cf7f8fe449557
  languageName: node
  linkType: hard

"minizlib@npm:^3.0.1":
  version: 3.0.2
  resolution: "minizlib@npm:3.0.2"
  dependencies:
    minipass: "npm:^7.1.2"
  checksum: 10c0/9f3bd35e41d40d02469cb30470c55ccc21cae0db40e08d1d0b1dff01cc8cc89a6f78e9c5d2b7c844e485ec0a8abc2238111213fdc5b2038e6d1012eacf316f78
  languageName: node
  linkType: hard

"mkdirp@npm:^3.0.1":
  version: 3.0.1
  resolution: "mkdirp@npm:3.0.1"
  bin:
    mkdirp: dist/cjs/src/bin.js
  checksum: 10c0/9f2b975e9246351f5e3a40dcfac99fcd0baa31fbfab615fe059fb11e51f10e4803c63de1f384c54d656e4db31d000e4767e9ef076a22e12a641357602e31d57d
  languageName: node
  linkType: hard

"nanoid@npm:^3.3.8":
  version: 3.3.11
  resolution: "nanoid@npm:3.3.11"
  bin:
    nanoid: bin/nanoid.cjs
  checksum: 10c0/40e7f70b3d15f725ca072dfc4f74e81fcf1fbb02e491cf58ac0c79093adc9b0a73b152bcde57df4b79cd097e13023d7504acb38404a4da7bc1cd8e887b82fe0b
  languageName: node
  linkType: hard

"node-releases@npm:^2.0.19":
  version: 2.0.19
  resolution: "node-releases@npm:2.0.19"
  checksum: 10c0/52a0dbd25ccf545892670d1551690fe0facb6a471e15f2cfa1b20142a5b255b3aa254af5f59d6ecb69c2bec7390bc643c43aa63b13bf5e64b6075952e716b1aa
  languageName: node
  linkType: hard

"normalize-range@npm:^0.1.2":
  version: 0.1.2
  resolution: "normalize-range@npm:0.1.2"
  checksum: 10c0/bf39b73a63e0a42ad1a48c2bd1bda5a07ede64a7e2567307a407674e595bcff0fa0d57e8e5f1e7fa5e91000797c7615e13613227aaaa4d6d6e87f5bd5cc95de6
  languageName: node
  linkType: hard

"picocolors@npm:^1.1.1":
  version: 1.1.1
  resolution: "picocolors@npm:1.1.1"
  checksum: 10c0/e2e3e8170ab9d7c7421969adaa7e1b31434f789afb9b3f115f6b96d91945041ac3ceb02e9ec6fe6510ff036bcc0bf91e69a1772edc0b707e12b19c0f2d6bcf58
  languageName: node
  linkType: hard

"postcss-value-parser@npm:^4.2.0":
  version: 4.2.0
  resolution: "postcss-value-parser@npm:4.2.0"
  checksum: 10c0/f4142a4f56565f77c1831168e04e3effd9ffcc5aebaf0f538eee4b2d465adfd4b85a44257bb48418202a63806a7da7fe9f56c330aebb3cac898e46b4cbf49161
  languageName: node
  linkType: hard

"postcss@npm:^8.4.41, postcss@npm:^8.5.3":
  version: 8.5.3
  resolution: "postcss@npm:8.5.3"
  dependencies:
    nanoid: "npm:^3.3.8"
    picocolors: "npm:^1.1.1"
    source-map-js: "npm:^1.2.1"
  checksum: 10c0/b75510d7b28c3ab728c8733dd01538314a18c52af426f199a3c9177e63eb08602a3938bfb66b62dc01350b9aed62087eabbf229af97a1659eb8d3513cec823b3
  languageName: node
  linkType: hard

"react-dom@npm:^19.1.0":
  version: 19.1.0
  resolution: "react-dom@npm:19.1.0"
  dependencies:
    scheduler: "npm:^0.26.0"
  peerDependencies:
    react: ^19.1.0
  checksum: 10c0/3e26e89bb6c67c9a6aa86cb888c7a7f8258f2e347a6d2a15299c17eb16e04c19194e3452bc3255bd34000a61e45e2cb51e46292392340432f133e5a5d2dfb5fc
  languageName: node
  linkType: hard

"react-refresh@npm:^0.17.0":
  version: 0.17.0
  resolution: "react-refresh@npm:0.17.0"
  checksum: 10c0/002cba940384c9930008c0bce26cac97a9d5682bc623112c2268ba0c155127d9c178a9a5cc2212d560088d60dfd503edd808669a25f9b377f316a32361d0b23c
  languageName: node
  linkType: hard

"react-router-dom@npm:^7.6.0":
  version: 7.6.0
  resolution: "react-router-dom@npm:7.6.0"
  dependencies:
    react-router: "npm:7.6.0"
  peerDependencies:
    react: ">=18"
    react-dom: ">=18"
  checksum: 10c0/a13098a0dac97cde81f9af061c0dfb5ebf76ca00bdb75618d84b26e8abddab1fe9f3db88bce1736dc7c1a8f205ad0135a00148dd43ba72f2ed2c7e69ab77a739
  languageName: node
  linkType: hard

"react-router@npm:7.6.0":
  version: 7.6.0
  resolution: "react-router@npm:7.6.0"
  dependencies:
    cookie: "npm:^1.0.1"
    set-cookie-parser: "npm:^2.6.0"
  peerDependencies:
    react: ">=18"
    react-dom: ">=18"
  peerDependenciesMeta:
    react-dom:
      optional: true
  checksum: 10c0/abc4d37c01804a3137b1cfd12cf7e55bff092a67c835404ab9da1411ec9e170fe72773b9846d2db084cc0272179237e59d88dbf46cef9db031892feebcb48640
  languageName: node
  linkType: hard

"react@npm:^19.1.0":
  version: 19.1.0
  resolution: "react@npm:19.1.0"
  checksum: 10c0/530fb9a62237d54137a13d2cfb67a7db6a2156faed43eecc423f4713d9b20c6f2728b026b45e28fcd72e8eadb9e9ed4b089e99f5e295d2f0ad3134251bdd3698
  languageName: node
  linkType: hard

"scheduler@npm:^0.26.0":
  version: 0.26.0
  resolution: "scheduler@npm:0.26.0"
  checksum: 10c0/5b8d5bfddaae3513410eda54f2268e98a376a429931921a81b5c3a2873aab7ca4d775a8caac5498f8cbc7d0daeab947cf923dbd8e215d61671f9f4e392d34356
  languageName: node
  linkType: hard

"set-cookie-parser@npm:^2.6.0":
  version: 2.7.1
  resolution: "set-cookie-parser@npm:2.7.1"
  checksum: 10c0/060c198c4c92547ac15988256f445eae523f57f2ceefeccf52d30d75dedf6bff22b9c26f756bd44e8e560d44ff4ab2130b178bd2e52ef5571bf7be3bd7632d9a
  languageName: node
  linkType: hard

"source-map-js@npm:^1.2.1":
  version: 1.2.1
  resolution: "source-map-js@npm:1.2.1"
  checksum: 10c0/7bda1fc4c197e3c6ff17de1b8b2c20e60af81b63a52cb32ec5a5d67a20a7d42651e2cb34ebe93833c5a2a084377e17455854fee3e21e7925c64a51b6a52b0faf
  languageName: node
  linkType: hard

"stackframe@npm:^1.3.4":
  version: 1.3.4
  resolution: "stackframe@npm:1.3.4"
  checksum: 10c0/18410f7a1e0c5d211a4effa83bdbf24adbe8faa8c34db52e1cd3e89837518c592be60b60d8b7270ac53eeeb8b807cd11b399a41667f6c9abb41059c3ccc8a989
  languageName: node
  linkType: hard

"tailwindcss@npm:4.1.7, tailwindcss@npm:^4.1.7":
  version: 4.1.7
  resolution: "tailwindcss@npm:4.1.7"
  checksum: 10c0/abe56f990bd4b03e0b332a2a39063e7f0f7359e6591282ba4e56ac18e5c58baca6b271072221253fcab7d9534d50f384f13fc41b66b06e0e427ef3f0ab2035bf
  languageName: node
  linkType: hard

"tapable@npm:^2.2.0":
  version: 2.2.2
  resolution: "tapable@npm:2.2.2"
  checksum: 10c0/8ad130aa705cab6486ad89e42233569a1fb1ff21af115f59cebe9f2b45e9e7995efceaa9cc5062510cdb4ec673b527924b2ab812e3579c55ad659ae92117011e
  languageName: node
  linkType: hard

"tar@npm:^7.4.3":
  version: 7.4.3
  resolution: "tar@npm:7.4.3"
  dependencies:
    "@isaacs/fs-minipass": "npm:^4.0.0"
    chownr: "npm:^3.0.0"
    minipass: "npm:^7.1.2"
    minizlib: "npm:^3.0.1"
    mkdirp: "npm:^3.0.1"
    yallist: "npm:^5.0.0"
  checksum: 10c0/d4679609bb2a9b48eeaf84632b6d844128d2412b95b6de07d53d8ee8baf4ca0857c9331dfa510390a0727b550fd543d4d1a10995ad86cdf078423fbb8d99831d
  languageName: node
  linkType: hard

"theme-change@npm:^2.5.0":
  version: 2.5.0
  resolution: "theme-change@npm:2.5.0"
  checksum: 10c0/6f4824856f9e3d86eb59c2f798418ad8b3d86de42180b734fcc80ac5b2ba587b848712414c8111f99393d21ba63cc4c00099258138fa2f2ad231aaefa5f61465
  languageName: node
  linkType: hard

"tslib@npm:^2.4.0, tslib@npm:^2.8.0":
  version: 2.8.1
  resolution: "tslib@npm:2.8.1"
  checksum: 10c0/9c4759110a19c53f992d9aae23aac5ced636e99887b51b9e61def52611732872ff7668757d4e4c61f19691e36f4da981cd9485e869b4a7408d689f6bf1f14e62
  languageName: node
  linkType: hard

"typescript@npm:^5.8.3":
  version: 5.8.3
  resolution: "typescript@npm:5.8.3"
  bin:
    tsc: bin/tsc
    tsserver: bin/tsserver
  checksum: 10c0/5f8bb01196e542e64d44db3d16ee0e4063ce4f3e3966df6005f2588e86d91c03e1fb131c2581baf0fb65ee79669eea6e161cd448178986587e9f6844446dbb48
  languageName: node
  linkType: hard

"typescript@patch:typescript@npm%3A^5.8.3#optional!builtin<compat/typescript>":
  version: 5.8.3
  resolution: "typescript@patch:typescript@npm%3A5.8.3#optional!builtin<compat/typescript>::version=5.8.3&hash=5786d5"
  bin:
    tsc: bin/tsc
    tsserver: bin/tsserver
  checksum: 10c0/39117e346ff8ebd87ae1510b3a77d5d92dae5a89bde588c747d25da5c146603a99c8ee588c7ef80faaf123d89ed46f6dbd918d534d641083177d5fac38b8a1cb
  languageName: node
  linkType: hard

"update-browserslist-db@npm:^1.1.3":
  version: 1.1.3
  resolution: "update-browserslist-db@npm:1.1.3"
  dependencies:
    escalade: "npm:^3.2.0"
    picocolors: "npm:^1.1.1"
  peerDependencies:
    browserslist: ">= 4.21.0"
  bin:
    update-browserslist-db: cli.js
  checksum: 10c0/682e8ecbf9de474a626f6462aa85927936cdd256fe584c6df2508b0df9f7362c44c957e9970df55dfe44d3623807d26316ea2c7d26b80bb76a16c56c37233c32
  languageName: node
  linkType: hard

"web@workspace:.":
  version: 0.0.0-use.local
  resolution: "web@workspace:."
  dependencies:
    "@biomejs/biome": "npm:^1.9.4"
    "@rsbuild/core": "npm:^1.3.21"
    "@rsbuild/plugin-react": "npm:^1.3.1"
    "@tailwindcss/postcss": "npm:^4.1.7"
    "@types/react": "npm:^19.1.5"
    "@types/react-dom": "npm:^19.1.5"
    autoprefixer: "npm:^10.4.21"
    daisyui: "npm:^5.0.37"
    lucide-react: "npm:^0.511.0"
    postcss: "npm:^8.5.3"
    react: "npm:^19.1.0"
    react-dom: "npm:^19.1.0"
    react-router-dom: "npm:^7.6.0"
    tailwindcss: "npm:^4.1.7"
    theme-change: "npm:^2.5.0"
    typescript: "npm:^5.8.3"
  languageName: unknown
  linkType: soft

"yallist@npm:^5.0.0":
  version: 5.0.0
  resolution: "yallist@npm:5.0.0"
  checksum: 10c0/a499c81ce6d4a1d260d4ea0f6d49ab4da09681e32c3f0472dee16667ed69d01dae63a3b81745a24bd78476ec4fcf856114cb4896ace738e01da34b2c42235416
  languageName: node
  linkType: hard
